{
  "name": "event-storage-bench",
  "version": "0.0.1",
  "lockfileVersion": 2,
  "requires": true,
  "packages": {
    "": {
      "name": "event-storage-bench",
      "version": "0.0.1",
      "dependencies": {
        "beautify-benchmark": "^0.2.4",
        "benchmark": "^2.1.4",
        "event-storage": "^0.7.0"
      }
    },
    "node_modules/beautify-benchmark": {
      "version": "0.2.4",
      "resolved": "https://registry.npmjs.org/beautify-benchmark/-/beautify-benchmark-0.2.4.tgz",
      "integrity": "sha1-MVHe8UwaLg0H/y5HaGHH7Q4a45s="
    },
    "node_modules/benchmark": {
      "version": "2.1.4",
      "resolved": "https://registry.npmjs.org/benchmark/-/benchmark-2.1.4.tgz",
      "integrity": "sha1-CfPeMckWQl1JjMLuVloOvzwqVik=",
      "dependencies": {
        "lodash": "^4.17.4",
        "platform": "^1.3.3"
      }
    },
    "node_modules/event-storage": {
      "version": "0.7.2",
      "resolved": "https://registry.npmjs.org/event-storage/-/event-storage-0.7.2.tgz",
      "integrity": "sha512-70Lz0M2bZRmd+ZlyOOHXL3rUYWpbntvExKKbAL2oIGTwYpu0oWGE+Klrw4C4IeZB7jIJofZg1boPmGyEpSK58Q==",
      "dependencies": {
        "mkdirp": "^1.0.3"
      },
      "engines": {
        "node": ">=8.0"
      }
    },
    "node_modules/lodash": {
      "version": "4.17.21",
      "resolved": "https://registry.npmjs.org/lodash/-/lodash-4.17.21.tgz",
      "integrity": "sha512-v2kDEe57lecTulaDIuNTPy3Ry4gLGJ6Z1O3vE1krgXZNrsQ+LFTGHVxVjcXPs17LhbZVGedAJv8XZ1tvj5FvSg=="
    },
    "node_modules/mkdirp": {
      "version": "1.0.4",
      "resolved": "https://registry.npmjs.org/mkdirp/-/mkdirp-1.0.4.tgz",
      "integrity": "sha512-vVqVZQyf3WLx2Shd0qJ9xuvqgAyKPLAiqITEtqW0oIUjzo3PePDd6fW9iFz30ef7Ysp/oiWqbhszeGWW2T6Gzw==",
      "bin": {
        "mkdirp": "bin/cmd.js"
      },
      "engines": {
        "node": ">=10"
      }
    },
    "node_modules/platform": {
      "version": "1.3.6",
      "resolved": "https://registry.npmjs.org/platform/-/platform-1.3.6.tgz",
      "integrity": "sha512-fnWVljUchTro6RiCFvCXBbNhJc2NijN7oIQxbwsyL0buWJPG85v81ehlHI9fXrJsMNgTofEoWIQeClKpgxFLrg=="
    }
  },
  "dependencies": {
    "beautify-benchmark": {
      "version": "0.2.4",
      "resolved": "https://registry.npmjs.org/beautify-benchmark/-/beautify-benchmark-0.2.4.tgz",
      "integrity": "sha1-MVHe8UwaLg0H/y5HaGHH7Q4a45s="
    },
    "benchmark": {
      "version": "2.1.4",
      "resolved": "https://registry.npmjs.org/benchmark/-/benchmark-2.1.4.tgz",
      "integrity": "sha1-CfPeMckWQl1JjMLuVloOvzwqVik=",
      "requires": {
        "lodash": "^4.17.4",
        "platform": "^1.3.3"
      }
    },
    "event-storage": {
      "version": "0.7.2",
      "resolved": "https://registry.npmjs.org/event-storage/-/event-storage-0.7.2.tgz",
      "integrity": "sha512-70Lz0M2bZRmd+ZlyOOHXL3rUYWpbntvExKKbAL2oIGTwYpu0oWGE+Klrw4C4IeZB7jIJofZg1boPmGyEpSK58Q==",
      "requires": {
        "mkdirp": "^1.0.3"
      }
    },
    "lodash": {
      "version": "4.17.21",
      "resolved": "https://registry.npmjs.org/lodash/-/lodash-4.17.21.tgz",
      "integrity": "sha512-v2kDEe57lecTulaDIuNTPy3Ry4gLGJ6Z1O3vE1krgXZNrsQ+LFTGHVxVjcXPs17LhbZVGedAJv8XZ1tvj5FvSg=="
    },
    "mkdirp": {
      "version": "1.0.4",
      "resolved": "https://registry.npmjs.org/mkdirp/-/mkdirp-1.0.4.tgz",
      "integrity": "sha512-vVqVZQyf3WLx2Shd0qJ9xuvqgAyKPLAiqITEtqW0oIUjzo3PePDd6fW9iFz30ef7Ysp/oiWqbhszeGWW2T6Gzw=="
    },
    "platform": {
      "version": "1.3.6",
      "resolved": "https://registry.npmjs.org/platform/-/platform-1.3.6.tgz",
      "integrity": "sha512-fnWVljUchTro6RiCFvCXBbNhJc2NijN7oIQxbwsyL0buWJPG85v81ehlHI9fXrJsMNgTofEoWIQeClKpgxFLrg=="
    }
  }
}
